// !$*UTF8*$!
{
	archiveVersion = 1;
	classes = {
	};
	objectVersion = 77;
	objects = {

/* Begin PBXContainerItemProxy section */
		3A5A45272DFBED76002E330D /* PBXContainerItemProxy */ = {
			isa = PBXContainerItemProxy;
			containerPortal = 3A5A45082DFBED75002E330D /* Project object */;
			proxyType = 1;
			remoteGlobalIDString = 3A5A450F2DFBED75002E330D;
			remoteInfo = FriendListDemo;
		};
		3A5A45312DFBED76002E330D /* PBXContainerItemProxy */ = {
			isa = PBXContainerItemProxy;
			containerPortal = 3A5A45082DFBED75002E330D /* Project object */;
			proxyType = 1;
			remoteGlobalIDString = 3A5A450F2DFBED75002E330D;
			remoteInfo = FriendListDemo;
		};
/* End PBXContainerItemProxy section */

/* Begin PBXFileReference section */
		3A5A45102DFBED75002E330D /* FriendListDemo.app */ = {isa = PBXFileReference; explicitFileType = wrapper.application; includeInIndex = 0; path = FriendListDemo.app; sourceTree = BUILT_PRODUCTS_DIR; };
		3A5A45262DFBED76002E330D /* FriendListDemoTests.xctest */ = {isa = PBXFileReference; explicitFileType = wrapper.cfbundle; includeInIndex = 0; path = FriendListDemoTests.xctest; sourceTree = BUILT_PRODUCTS_DIR; };
		3A5A45302DFBED76002E330D /* FriendListDemoUITests.xctest */ = {isa = PBXFileReference; explicitFileType = wrapper.cfbundle; includeInIndex = 0; path = FriendListDemoUITests.xctest; sourceTree = BUILT_PRODUCTS_DIR; };
/* End PBXFileReference section */

/* Begin PBXFileSystemSynchronizedBuildFileExceptionSet section */
		3A5A45382DFBED76002E330D /* Exceptions for "FriendListDemo" folder in "FriendListDemo" target */ = {
			isa = PBXFileSystemSynchronizedBuildFileExceptionSet;
			membershipExceptions = (
				Info.plist,
			);
			target = 3A5A450F2DFBED75002E330D /* FriendListDemo */;
		};
/* End PBXFileSystemSynchronizedBuildFileExceptionSet section */

/* Begin PBXFileSystemSynchronizedRootGroup section */
		3A5A45122DFBED75002E330D /* FriendListDemo */ = {
			isa = PBXFileSystemSynchronizedRootGroup;
			exceptions = (
				3A5A45382DFBED76002E330D /* Exceptions for "FriendListDemo" folder in "FriendListDemo" target */,
			);
			path = FriendListDemo;
			sourceTree = "<group>";
		};
		3A5A45292DFBED76002E330D /* FriendListDemoTests */ = {
			isa = PBXFileSystemSynchronizedRootGroup;
			path = FriendListDemoTests;
			sourceTree = "<group>";
		};
		3A5A45332DFBED76002E330D /* FriendListDemoUITests */ = {
			isa = PBXFileSystemSynchronizedRootGroup;
			path = FriendListDemoUITests;
			sourceTree = "<group>";
		};
/* End PBXFileSystemSynchronizedRootGroup section */

/* Begin PBXFrameworksBuildPhase section */
		3A5A450D2DFBED75002E330D /* Frameworks */ = {
			isa = PBXFrameworksBuildPhase;
			buildActionMask = 2147483647;
			files = (
			);
			runOnlyForDeploymentPostprocessing = 0;
		};
		3A5A45232DFBED76002E330D /* Frameworks */ = {
			isa = PBXFrameworksBuildPhase;
			buildActionMask = 2147483647;
			files = (
			);
			runOnlyForDeploymentPostprocessing = 0;
		};
		3A5A452D2DFBED76002E330D /* Frameworks */ = {
			isa = PBXFrameworksBuildPhase;
			buildActionMask = 2147483647;
			files = (
			);
			runOnlyForDeploymentPostprocessing = 0;
		};
/* End PBXFrameworksBuildPhase section */

/* Begin PBXGroup section */
		3A5A45072DFBED75002E330D = {
			isa = PBXGroup;
			children = (
				3A5A45122DFBED75002E330D /* FriendListDemo */,
				3A5A45292DFBED76002E330D /* FriendListDemoTests */,
				3A5A45332DFBED76002E330D /* FriendListDemoUITests */,
				3A5A45112DFBED75002E330D /* Products */,
			);
			sourceTree = "<group>";
		};
		3A5A45112DFBED75002E330D /* Products */ = {
			isa = PBXGroup;
			children = (
				3A5A45102DFBED75002E330D /* FriendListDemo.app */,
				3A5A45262DFBED76002E330D /* FriendListDemoTests.xctest */,
				3A5A45302DFBED76002E330D /* FriendListDemoUITests.xctest */,
			);
			name = Products;
			sourceTree = "<group>";
		};
/* End PBXGroup section */

/* Begin PBXNativeTarget section */
		3A5A450F2DFBED75002E330D /* FriendListDemo */ = {
			isa = PBXNativeTarget;
			buildConfigurationList = 3A5A45392DFBED76002E330D /* Build configuration list for PBXNativeTarget "FriendListDemo" */;
			buildPhases = (
				3A5A450C2DFBED75002E330D /* Sources */,
				3A5A450D2DFBED75002E330D /* Frameworks */,
				3A5A450E2DFBED75002E330D /* Resources */,
			);
			buildRules = (
			);
			dependencies = (
			);
			fileSystemSynchronizedGroups = (
				3A5A45122DFBED75002E330D /* FriendListDemo */,
			);
			name = FriendListDemo;
			packageProductDependencies = (
			);
			productName = FriendListDemo;
			productReference = 3A5A45102DFBED75002E330D /* FriendListDemo.app */;
			productType = "com.apple.product-type.application";
		};
		3A5A45252DFBED76002E330D /* FriendListDemoTests */ = {
			isa = PBXNativeTarget;
			buildConfigurationList = 3A5A453E2DFBED76002E330D /* Build configuration list for PBXNativeTarget "FriendListDemoTests" */;
			buildPhases = (
				3A5A45222DFBED76002E330D /* Sources */,
				3A5A45232DFBED76002E330D /* Frameworks */,
				3A5A45242DFBED76002E330D /* Resources */,
			);
			buildRules = (
			);
			dependencies = (
				3A5A45282DFBED76002E330D /* PBXTargetDependency */,
			);
			fileSystemSynchronizedGroups = (
				3A5A45292DFBED76002E330D /* FriendListDemoTests */,
			);
			name = FriendListDemoTests;
			packageProductDependencies = (
			);
			productName = FriendListDemoTests;
			productReference = 3A5A45262DFBED76002E330D /* FriendListDemoTests.xctest */;
			productType = "com.apple.product-type.bundle.unit-test";
		};
		3A5A452F2DFBED76002E330D /* FriendListDemoUITests */ = {
			isa = PBXNativeTarget;
			buildConfigurationList = 3A5A45412DFBED76002E330D /* Build configuration list for PBXNativeTarget "FriendListDemoUITests" */;
			buildPhases = (
				3A5A452C2DFBED76002E330D /* Sources */,
				3A5A452D2DFBED76002E330D /* Frameworks */,
				3A5A452E2DFBED76002E330D /* Resources */,
			);
			buildRules = (
			);
			dependencies = (
				3A5A45322DFBED76002E330D /* PBXTargetDependency */,
			);
			fileSystemSynchronizedGroups = (
				3A5A45332DFBED76002E330D /* FriendListDemoUITests */,
			);
			name = FriendListDemoUITests;
			packageProductDependencies = (
			);
			productName = FriendListDemoUITests;
			productReference = 3A5A45302DFBED76002E330D /* FriendListDemoUITests.xctest */;
			productType = "com.apple.product-type.bundle.ui-testing";
		};
/* End PBXNativeTarget section */

/* Begin PBXProject section */
		3A5A45082DFBED75002E330D /* Project object */ = {
			isa = PBXProject;
			attributes = {
				BuildIndependentTargetsInParallel = 1;
				LastSwiftUpdateCheck = 1640;
				LastUpgradeCheck = 1640;
				TargetAttributes = {
					3A5A450F2DFBED75002E330D = {
						CreatedOnToolsVersion = 16.4;
					};
					3A5A45252DFBED76002E330D = {
						CreatedOnToolsVersion = 16.4;
						TestTargetID = 3A5A450F2DFBED75002E330D;
					};
					3A5A452F2DFBED76002E330D = {
						CreatedOnToolsVersion = 16.4;
						TestTargetID = 3A5A450F2DFBED75002E330D;
					};
				};
			};
			buildConfigurationList = 3A5A450B2DFBED75002E330D /* Build configuration list for PBXProject "FriendListDemo" */;
			developmentRegion = en;
			hasScannedForEncodings = 0;
			knownRegions = (
				en,
				Base,
			);
			mainGroup = 3A5A45072DFBED75002E330D;
			minimizedProjectReferenceProxies = 1;
			preferredProjectObjectVersion = 77;
			productRefGroup = 3A5A45112DFBED75002E330D /* Products */;
			projectDirPath = "";
			projectRoot = "";
			targets = (
				3A5A450F2DFBED75002E330D /* FriendListDemo */,
				3A5A45252DFBED76002E330D /* FriendListDemoTests */,
				3A5A452F2DFBED76002E330D /* FriendListDemoUITests */,
			);
		};
/* End PBXProject section */

/* Begin PBXResourcesBuildPhase section */
		3A5A450E2DFBED75002E330D /* Resources */ = {
			isa = PBXResourcesBuildPhase;
			buildActionMask = 2147483647;
			files = (
			);
			runOnlyForDeploymentPostprocessing = 0;
		};
		3A5A45242DFBED76002E330D /* Resources */ = {
			isa = PBXResourcesBuildPhase;
			buildActionMask = 2147483647;
			files = (
			);
			runOnlyForDeploymentPostprocessing = 0;
		};
		3A5A452E2DFBED76002E330D /* Resources */ = {
			isa = PBXResourcesBuildPhase;
			buildActionMask = 2147483647;
			files = (
			);
			runOnlyForDeploymentPostprocessing = 0;
		};
/* End PBXResourcesBuildPhase section */

/* Begin PBXSourcesBuildPhase section */
		3A5A450C2DFBED75002E330D /* Sources */ = {
			isa = PBXSourcesBuildPhase;
			buildActionMask = 2147483647;
			files = (
			);
			runOnlyForDeploymentPostprocessing = 0;
		};
		3A5A45222DFBED76002E330D /* Sources */ = {
			isa = PBXSourcesBuildPhase;
			buildActionMask = 2147483647;
			files = (
			);
			runOnlyForDeploymentPostprocessing = 0;
		};
		3A5A452C2DFBED76002E330D /* Sources */ = {
			isa = PBXSourcesBuildPhase;
			buildActionMask = 2147483647;
			files = (
			);
			runOnlyForDeploymentPostprocessing = 0;
		};
/* End PBXSourcesBuildPhase section */

/* Begin PBXTargetDependency section */
		3A5A45282DFBED76002E330D /* PBXTargetDependency */ = {
			isa = PBXTargetDependency;
			target = 3A5A450F2DFBED75002E330D /* FriendListDemo */;
			targetProxy = 3A5A45272DFBED76002E330D /* PBXContainerItemProxy */;
		};
		3A5A45322DFBED76002E330D /* PBXTargetDependency */ = {
			isa = PBXTargetDependency;
			target = 3A5A450F2DFBED75002E330D /* FriendListDemo */;
			targetProxy = 3A5A45312DFBED76002E330D /* PBXContainerItemProxy */;
		};
/* End PBXTargetDependency section */

/* Begin XCBuildConfiguration section */
		3A5A453A2DFBED76002E330D /* Debug */ = {
			isa = XCBuildConfiguration;
			buildSettings = {
				ASSETCATALOG_COMPILER_APPICON_NAME = AppIcon;
				ASSETCATALOG_COMPILER_GLOBAL_ACCENT_COLOR_NAME = AccentColor;
				CODE_SIGN_STYLE = Automatic;
				CURRENT_PROJECT_VERSION = 1;
				DEVELOPMENT_TEAM = 35ULF4CXKF;
				GENERATE_INFOPLIST_FILE = YES;
				INFOPLIST_FILE = FriendListDemo/Info.plist;
				INFOPLIST_KEY_UIApplicationSupportsIndirectInputEvents = YES;
				INFOPLIST_KEY_UILaunchStoryboardName = LaunchScreen;
				INFOPLIST_KEY_UIMainStoryboardFile = "";
				INFOPLIST_KEY_UISupportedInterfaceOrientations_iPad = "UIInterfaceOrientationPortrait UIInterfaceOrientationPortraitUpsideDown UIInterfaceOrientationLandscapeLeft UIInterfaceOrientationLandscapeRight";
				INFOPLIST_KEY_UISupportedInterfaceOrientations_iPhone = "UIInterfaceOrientationPortrait UIInterfaceOrientationLandscapeLeft UIInterfaceOrientationLandscapeRight";
				LD_RUNPATH_SEARCH_PATHS = (
					"$(inherited)",
					"@executable_path/Frameworks",
				);
				MARKETING_VERSION = 1.0;
				PRODUCT_BUNDLE_IDENTIFIER = yf24.FriendListDemo;
				PRODUCT_NAME = "$(TARGET_NAME)";
				SWIFT_EMIT_LOC_STRINGS = YES;
				SWIFT_VERSION = 5.0;
				TARGETED_DEVICE_FAMILY = "1,2";
			};
			name = Debug;
		};
		3A5A453B2DFBED76002E330D /* Release */ = {
			isa = XCBuildConfiguration;
			buildSettings = {
				ASSETCATALOG_COMPILER_APPICON_NAME = AppIcon;
				ASSETCATALOG_COMPILER_GLOBAL_ACCENT_COLOR_NAME = AccentColor;
				CODE_SIGN_STYLE = Automatic;
				CURRENT_PROJECT_VERSION = 1;
				DEVELOPMENT_TEAM = 35ULF4CXKF;
				GENERATE_INFOPLIST_FILE = YES;
				INFOPLIST_FILE = FriendListDemo/Info.plist;
				INFOPLIST_KEY_UIApplicationSupportsIndirectInputEvents = YES;
				INFOPLIST_KEY_UILaunchStoryboardName = LaunchScreen;
				INFOPLIST_KEY_UIMainStoryboardFile = "";
				INFOPLIST_KEY_UISupportedInterfaceOrientations_iPad = "UIInterfaceOrientationPortrait UIInterfaceOrientationPortraitUpsideDown UIInterfaceOrientationLandscapeLeft UIInterfaceOrientationLandscapeRight";
				INFOPLIST_KEY_UISupportedInterfaceOrientations_iPhone = "UIInterfaceOrientationPortrait UIInterfaceOrientationLandscapeLeft UIInterfaceOrientationLandscapeRight";
				LD_RUNPATH_SEARCH_PATHS = (
					"$(inherited)",
					"@executable_path/Frameworks",
				);
				MARKETING_VERSION = 1.0;
				PRODUCT_BUNDLE_IDENTIFIER = yf24.FriendListDemo;
				PRODUCT_NAME = "$(TARGET_NAME)";
				SWIFT_EMIT_LOC_STRINGS = YES;
				SWIFT_VERSION = 5.0;
				TARGETED_DEVICE_FAMILY = "1,2";
			};
			name = Release;
		};
		3A5A453C2DFBED76002E330D /* Debug */ = {
			isa = XCBuildConfiguration;
			buildSettings = {
				ALWAYS_SEARCH_USER_PATHS = NO;
				ASSETCATALOG_COMPILER_GENERATE_SWIFT_ASSET_SYMBOL_EXTENSIONS = YES;
				CLANG_ANALYZER_NONNULL = YES;
				CLANG_ANALYZER_NUMBER_OBJECT_CONVERSION = YES_AGGRESSIVE;
				CLANG_CXX_LANGUAGE_STANDARD = "gnu++20";
				CLANG_ENABLE_MODULES = YES;
				CLANG_ENABLE_OBJC_ARC = YES;
				CLANG_ENABLE_OBJC_WEAK = YES;
				CLANG_WARN_BLOCK_CAPTURE_AUTORELEASING = YES;
				CLANG_WARN_BOOL_CONVERSION = YES;
				CLANG_WARN_COMMA = YES;
				CLANG_WARN_CONSTANT_CONVERSION = YES;
				CLANG_WARN_DEPRECATED_OBJC_IMPLEMENTATIONS = YES;
				CLANG_WARN_DIRECT_OBJC_ISA_USAGE = YES_ERROR;
				CLANG_WARN_DOCUMENTATION_COMMENTS = YES;
				CLANG_WARN_EMPTY_BODY = YES;
				CLANG_WARN_ENUM_CONVERSION = YES;
				CLANG_WARN_INFINITE_RECURSION = YES;
				CLANG_WARN_INT_CONVERSION = YES;
				CLANG_WARN_NON_LITERAL_NULL_CONVERSION = YES;
				CLANG_WARN_OBJC_IMPLICIT_RETAIN_SELF = YES;
				CLANG_WARN_OBJC_LITERAL_CONVERSION = YES;
				CLANG_WARN_OBJC_ROOT_CLASS = YES_ERROR;
				CLANG_WARN_QUOTED_INCLUDE_IN_FRAMEWORK_HEADER = YES;
				CLANG_WARN_RANGE_LOOP_ANALYSIS = YES;
				CLANG_WARN_STRICT_PROTOTYPES = YES;
				CLANG_WARN_SUSPICIOUS_MOVE = YES;
				CLANG_WARN_UNGUARDED_AVAILABILITY = YES_AGGRESSIVE;
				CLANG_WARN_UNREACHABLE_CODE = YES;
				CLANG_WARN__DUPLICATE_METHOD_MATCH = YES;
				COPY_PHASE_STRIP = NO;
				DEBUG_INFORMATION_FORMAT = dwarf;
				ENABLE_STRICT_OBJC_MSGSEND = YES;
				ENABLE_TESTABILITY = YES;
				ENABLE_USER_SCRIPT_SANDBOXING = YES;
				GCC_C_LANGUAGE_STANDARD = gnu17;
				GCC_DYNAMIC_NO_PIC = NO;
				GCC_NO_COMMON_BLOCKS = YES;
				GCC_OPTIMIZATION_LEVEL = 0;
				GCC_PREPROCESSOR_DEFINITIONS = (
					"DEBUG=1",
					"$(inherited)",
				);
				GCC_WARN_64_TO_32_BIT_CONVERSION = YES;
				GCC_WARN_ABOUT_RETURN_TYPE = YES_ERROR;
				GCC_WARN_UNDECLARED_SELECTOR = YES;
				GCC_WARN_UNINITIALIZED_AUTOS = YES_AGGRESSIVE;
				GCC_WARN_UNUSED_FUNCTION = YES;
				GCC_WARN_UNUSED_VARIABLE = YES;
				IPHONEOS_DEPLOYMENT_TARGET = 17.4;
				LOCALIZATION_PREFERS_STRING_CATALOGS = YES;
				MTL_ENABLE_DEBUG_INFO = INCLUDE_SOURCE;
				MTL_FAST_MATH = YES;
				ONLY_ACTIVE_ARCH = YES;
				SDKROOT = iphoneos;
				SWIFT_ACTIVE_COMPILATION_CONDITIONS = "DEBUG $(inherited)";
				SWIFT_OPTIMIZATION_LEVEL = "-Onone";
			};
			name = Debug;
		};
		3A5A453D2DFBED76002E330D /* Release */ = {
			isa = XCBuildConfiguration;
			buildSettings = {
				BUNDLE_LOADER = "$(TEST_HOST)";
				CODE_SIGN_STYLE = Automatic;
				CURRENT_PROJECT_VERSION = 1;
				DEVELOPMENT_TEAM = 35ULF4CXKF;
				GENERATE_INFOPLIST_FILE = YES;
				IPHONEOS_DEPLOYMENT_TARGET = 18.5;
				MARKETING_VERSION = 1.0;
				PRODUCT_BUNDLE_IDENTIFIER = yf24.FriendListDemoTests;
				PRODUCT_NAME = "$(TARGET_NAME)";
				SWIFT_EMIT_LOC_STRINGS = NO;
				SWIFT_VERSION = 5.0;
				TARGETED_DEVICE_FAMILY = "1,2";
				TEST_HOST = "$(BUILT_PRODUCTS_DIR)/FriendListDemo.app/$(BUNDLE_EXECUTABLE_FOLDER_PATH)/FriendListDemo";
			};
			name = Release;
		};
		3A5A453F2DFBED76002E330D /* Debug */ = {
			isa = XCBuildConfiguration;
			buildSettings = {
				BUNDLE_LOADER = "$(TEST_HOST)";
				CODE_SIGN_STYLE = Automatic;
				CURRENT_PROJECT_VERSION = 1;
				DEVELOPMENT_TEAM = 35ULF4CXKF;
				GENERATE_INFOPLIST_FILE = YES;
				IPHONEOS_DEPLOYMENT_TARGET = 18.5;
				MARKETING_VERSION = 1.0;
				PRODUCT_BUNDLE_IDENTIFIER = yf24.FriendListDemoTests;
				PRODUCT_NAME = "$(TARGET_NAME)";
				SWIFT_EMIT_LOC_STRINGS = NO;
				SWIFT_VERSION = 5.0;
				TARGETED_DEVICE_FAMILY = "1,2";
				TEST_HOST = "$(BUILT_PRODUCTS_DIR)/FriendListDemo.app/$(BUNDLE_EXECUTABLE_FOLDER_PATH)/FriendListDemo";
			};
			name = Debug;
		};
		3A5A45402DFBED76002E330D /* Release */ = {
			isa = XCBuildConfiguration;
			buildSettings = {
				BUNDLE_LOADER = "$(TEST_HOST)";
				CODE_SIGN_STYLE = Automatic;
				CURRENT_PROJECT_VERSION = 1;
				DEVELOPMENT_TEAM = 35ULF4CXKF;
				GENERATE_INFOPLIST_FILE = YES;
				IPHONEOS_DEPLOYMENT_TARGET = 18.5;
				MARKETING_VERSION = 1.0;
				PRODUCT_BUNDLE_IDENTIFIER = yf24.FriendListDemoTests;
				PRODUCT_NAME = "$(TARGET_NAME)";
				SWIFT_EMIT_LOC_STRINGS = NO;
				SWIFT_VERSION = 5.0;
				TARGETED_DEVICE_FAMILY = "1,2";
				TEST_HOST = "$(BUILT_PRODUCTS_DIR)/FriendListDemo.app/$(BUNDLE_EXECUTABLE_FOLDER_PATH)/FriendListDemo";
			};
			name = Release;
		};
		3A5A45422DFBED76002E330D /* Debug */ = {
			isa = XCBuildConfiguration;
			buildSettings = {
				CODE_SIGN_STYLE = Automatic;
				CURRENT_PROJECT_VERSION = 1;
				DEVELOPMENT_TEAM = 35ULF4CXKF;
				GENERATE_INFOPLIST_FILE = YES;
				MARKETING_VERSION = 1.0;
				PRODUCT_BUNDLE_IDENTIFIER = yf24.FriendListDemoUITests;
				PRODUCT_NAME = "$(TARGET_NAME)";
				SWIFT_EMIT_LOC_STRINGS = NO;
				SWIFT_VERSION = 5.0;
				TARGETED_DEVICE_FAMILY = "1,2";
				TEST_TARGET_NAME = FriendListDemo;
			};
			name = Debug;
		};
		3A5A45432DFBED76002E330D /* Release */ = {
			isa = XCBuildConfiguration;
			buildSettings = {
				CODE_SIGN_STYLE = Automatic;
				CURRENT_PROJECT_VERSION = 1;
				DEVELOPMENT_TEAM = 35ULF4CXKF;
				GENERATE_INFOPLIST_FILE = YES;
				MARKETING_VERSION = 1.0;
				PRODUCT_BUNDLE_IDENTIFIER = yf24.FriendListDemoUITests;
				PRODUCT_NAME = "$(TARGET_NAME)";
				SWIFT_EMIT_LOC_STRINGS = NO;
				SWIFT_VERSION = 5.0;
				TARGETED_DEVICE_FAMILY = "1,2";
				TEST_TARGET_NAME = FriendListDemo;
			};
			name = Release;
		};
/* End XCBuildConfiguration section */

/* Begin XCConfigurationList section */
		3A5A450B2DFBED75002E330D /* Build configuration list for PBXProject "FriendListDemo" */ = {
			isa = XCConfigurationList;
			buildConfigurations = (
				3A5A453C2DFBED76002E330D /* Debug */,
				3A5A453D2DFBED76002E330D /* Release */,
			);
			defaultConfigurationIsVisible = 0;
			defaultConfigurationName = Release;
		};
		3A5A45392DFBED76002E330D /* Build configuration list for PBXNativeTarget "FriendListDemo" */ = {
			isa = XCConfigurationList;
			buildConfigurations = (
				3A5A453A2DFBED76002E330D /* Debug */,
				3A5A453B2DFBED76002E330D /* Release */,
			);
			defaultConfigurationIsVisible = 0;
			defaultConfigurationName = Release;
		};
		3A5A453E2DFBED76002E330D /* Build configuration list for PBXNativeTarget "FriendListDemoTests" */ = {
			isa = XCConfigurationList;
			buildConfigurations = (
				3A5A453F2DFBED76002E330D /* Debug */,
				3A5A45402DFBED76002E330D /* Release */,
			);
			defaultConfigurationIsVisible = 0;
			defaultConfigurationName = Release;
		};
		3A5A45412DFBED76002E330D /* Build configuration list for PBXNativeTarget "FriendListDemoUITests" */ = {
			isa = XCConfigurationList;
			buildConfigurations = (
				3A5A45422DFBED76002E330D /* Debug */,
				3A5A45432DFBED76002E330D /* Release */,
			);
			defaultConfigurationIsVisible = 0;
			defaultConfigurationName = Release;
		};
/* End XCConfigurationList section */
	};
	rootObject = 3A5A45082DFBED75002E330D /* Project object */;
}
